// !$*UTF8*$!
{
	archiveVersion = 1;
	classes = {
	};
	objectVersion = 55;
	objects = {

/* Begin PBXBuildFile section */
		7A0212D02881CE1E005D5A42 /* Code_History_QuizApp.swift in Sources */ = {isa = PBXBuildFile; fileRef = 7A0212CF2881CE1E005D5A42 /* Code_History_QuizApp.swift */; };
		7A0212D22881CE1E005D5A42 /* ContentView.swift in Sources */ = {isa = PBXBuildFile; fileRef = 7A0212D12881CE1E005D5A42 /* ContentView.swift */; };
		7A0212D42881CE20005D5A42 /* Assets.xcassets in Resources */ = {isa = PBXBuildFile; fileRef = 7A0212D32881CE20005D5A42 /* Assets.xcassets */; };
		7A0212D72881CE20005D5A42 /* Preview Assets.xcassets in Resources */ = {isa = PBXBuildFile; fileRef = 7A0212D62881CE20005D5A42 /* Preview Assets.xcassets */; };
		7A31030C28A9B7E400D3110F /* question.swift in Sources */ = {isa = PBXBuildFile; fileRef = 7A31030B28A9B7E400D3110F /* question.swift */; };
		7A31030E28AC4FD300D3110F /* ChoiceTextView.swift in Sources */ = {isa = PBXBuildFile; fileRef = 7A31030D28AC4FD300D3110F /* ChoiceTextView.swift */; };
		7A803DA328AEE3AE009B76AD /* Game.swift in Sources */ = {isa = PBXBuildFile; fileRef = 7A803DA228AEE3AE009B76AD /* Game.swift */; };
/* End PBXBuildFile section */

/* Begin PBXFileReference section */
		7A0212CC2881CE1E005D5A42 /* Code History Quiz.app */ = {isa = PBXFileReference; explicitFileType = wrapper.application; includeInIndex = 0; path = "Code History Quiz.app"; sourceTree = BUILT_PRODUCTS_DIR; };
		7A0212CF2881CE1E005D5A42 /* Code_History_QuizApp.swift */ = {isa = PBXFileReference; lastKnownFileType = sourcecode.swift; path = Code_History_QuizApp.swift; sourceTree = "<group>"; };
		7A0212D12881CE1E005D5A42 /* ContentView.swift */ = {isa = PBXFileReference; lastKnownFileType = sourcecode.swift; path = ContentView.swift; sourceTree = "<group>"; };
		7A0212D32881CE20005D5A42 /* Assets.xcassets */ = {isa = PBXFileReference; lastKnownFileType = folder.assetcatalog; path = Assets.xcassets; sourceTree = "<group>"; };
		7A0212D62881CE20005D5A42 /* Preview Assets.xcassets */ = {isa = PBXFileReference; lastKnownFileType = folder.assetcatalog; path = "Preview Assets.xcassets"; sourceTree = "<group>"; };
		7A31030B28A9B7E400D3110F /* question.swift */ = {isa = PBXFileReference; lastKnownFileType = sourcecode.swift; path = question.swift; sourceTree = "<group>"; };
		7A31030D28AC4FD300D3110F /* ChoiceTextView.swift */ = {isa = PBXFileReference; lastKnownFileType = sourcecode.swift; path = ChoiceTextView.swift; sourceTree = "<group>"; };
		7A803DA228AEE3AE009B76AD /* Game.swift */ = {isa = PBXFileReference; lastKnownFileType = sourcecode.swift; path = Game.swift; sourceTree = "<group>"; };
/* End PBXFileReference section */

/* Begin PBXFrameworksBuildPhase section */
		7A0212C92881CE1E005D5A42 /* Frameworks */ = {
			isa = PBXFrameworksBuildPhase;
			buildActionMask = 2147483647;
			files = (
			);
			runOnlyForDeploymentPostprocessing = 0;
		};
/* End PBXFrameworksBuildPhase section */

/* Begin PBXGroup section */
		7A0212C32881CE1E005D5A42 = {
			isa = PBXGroup;
			children = (
				7A0212CE2881CE1E005D5A42 /* Code History Quiz */,
				7A0212CD2881CE1E005D5A42 /* Products */,
			);
			sourceTree = "<group>";
		};
		7A0212CD2881CE1E005D5A42 /* Products */ = {
			isa = PBXGroup;
			children = (
				7A0212CC2881CE1E005D5A42 /* Code History Quiz.app */,
			);
			name = Products;
			sourceTree = "<group>";
		};
		7A0212CE2881CE1E005D5A42 /* Code History Quiz */ = {
			isa = PBXGroup;
			children = (
				7A0212CF2881CE1E005D5A42 /* Code_History_QuizApp.swift */,
				7A803DA528AEE409009B76AD /* View */,
				7A803DA428AEE3D3009B76AD /* Model */,
				7A0212D32881CE20005D5A42 /* Assets.xcassets */,
				7A0212D52881CE20005D5A42 /* Preview Content */,
			);
			path = "Code History Quiz";
			sourceTree = "<group>";
		};
		7A0212D52881CE20005D5A42 /* Preview Content */ = {
			isa = PBXGroup;
			children = (
				7A0212D62881CE20005D5A42 /* Preview Assets.xcassets */,
			);
			path = "Preview Content";
			sourceTree = "<group>";
		};
		7A803DA428AEE3D3009B76AD /* Model */ = {
			isa = PBXGroup;
			children = (
				7A31030B28A9B7E400D3110F /* question.swift */,
				7A803DA228AEE3AE009B76AD /* Game.swift */,
			);
			path = Model;
			sourceTree = "<group>";
		};
		7A803DA528AEE409009B76AD /* View */ = {
			isa = PBXGroup;
			children = (
				7A0212D12881CE1E005D5A42 /* ContentView.swift */,
				7A31030D28AC4FD300D3110F /* ChoiceTextView.swift */,
			);
			path = View;
			sourceTree = "<group>";
		};
/* End PBXGroup section */

/* Begin PBXNativeTarget section */
		7A0212CB2881CE1E005D5A42 /* Code History Quiz */ = {
			isa = PBXNativeTarget;
			buildConfigurationList = 7A0212DA2881CE20005D5A42 /* Build configuration list for PBXNativeTarget "Code History Quiz" */;
			buildPhases = (
				7A0212C82881CE1E005D5A42 /* Sources */,
				7A0212C92881CE1E005D5A42 /* Frameworks */,
				7A0212CA2881CE1E005D5A42 /* Resources */,
			);
			buildRules = (
			);
			dependencies = (
			);
			name = "Code History Quiz";
			productName = "Code History Quiz";
			productReference = 7A0212CC2881CE1E005D5A42 /* Code History Quiz.app */;
			productType = "com.apple.product-type.application";
		};
/* End PBXNativeTarget section */

/* Begin PBXProject section */
		7A0212C42881CE1E005D5A42 /* Project object */ = {
			isa = PBXProject;
			attributes = {
				BuildIndependentTargetsInParallel = 1;
				LastSwiftUpdateCheck = 1340;
				LastUpgradeCheck = 1340;
				TargetAttributes = {
					7A0212CB2881CE1E005D5A42 = {
						CreatedOnToolsVersion = 13.4.1;
					};
				};
			};
			buildConfigurationList = 7A0212C72881CE1E005D5A42 /* Build configuration list for PBXProject "Code History Quiz" */;
			compatibilityVersion = "Xcode 13.0";
			developmentRegion = en;
			hasScannedForEncodings = 0;
			knownRegions = (
				en,
				Base,
			);
			mainGroup = 7A0212C32881CE1E005D5A42;
			productRefGroup = 7A0212CD2881CE1E005D5A42 /* Products */;
			projectDirPath = "";
			projectRoot = "";
			targets = (
				7A0212CB2881CE1E005D5A42 /* Code History Quiz */,
			);
		};
/* End PBXProject section */

/* Begin PBXResourcesBuildPhase section */
		7A0212CA2881CE1E005D5A42 /* Resources */ = {
			isa = PBXResourcesBuildPhase;
			buildActionMask = 2147483647;
			files = (
				7A0212D72881CE20005D5A42 /* Preview Assets.xcassets in Resources */,
				7A0212D42881CE20005D5A42 /* Assets.xcassets in Resources */,
			);
			runOnlyForDeploymentPostprocessing = 0;
		};
/* End PBXResourcesBuildPhase section */

/* Begin PBXSourcesBuildPhase section */
		7A0212C82881CE1E005D5A42 /* Sources */ = {
			isa = PBXSourcesBuildPhase;
			buildActionMask = 2147483647;
			files = (
				7A0212D22881CE1E005D5A42 /* ContentView.swift in Sources */,
				7A803DA328AEE3AE009B76AD /* Game.swift in Sources */,
				7A31030C28A9B7E400D3110F /* question.swift in Sources */,
				7A0212D02881CE1E005D5A42 /* Code_History_QuizApp.swift in Sources */,
				7A31030E28AC4FD300D3110F /* ChoiceTextView.swift in Sources */,
			);
			runOnlyForDeploymentPostprocessing = 0;
		};
/* End PBXSourcesBuildPhase section */

/* Begin XCBuildConfiguration section */
		7A0212D82881CE20005D5A42 /* Debug */ = {
			isa = XCBuildConfiguration;
			buildSettings = {
				ALWAYS_SEARCH_USER_PATHS = NO;
				CLANG_ANALYZER_NONNULL = YES;
				CLANG_ANALYZER_NUMBER_OBJECT_CONVERSION = YES_AGGRESSIVE;
				CLANG_CXX_LANGUAGE_STANDARD = "gnu++17";
				CLANG_ENABLE_MODULES = YES;
				CLANG_ENABLE_OBJC_ARC = YES;
				CLANG_ENABLE_OBJC_WEAK = YES;
				CLANG_WARN_BLOCK_CAPTURE_AUTORELEASING = YES;
				CLANG_WARN_BOOL_CONVERSION = YES;
				CLANG_WARN_COMMA = YES;
				CLANG_WARN_CONSTANT_CONVERSION = YES;
				CLANG_WARN_DEPRECATED_OBJC_IMPLEMENTATIONS = YES;
				CLANG_WARN_DIRECT_OBJC_ISA_USAGE = YES_ERROR;
				CLANG_WARN_DOCUMENTATION_COMMENTS = YES;
				CLANG_WARN_EMPTY_BODY = YES;
				CLANG_WARN_ENUM_CONVERSION = YES;
				CLANG_WARN_INFINITE_RECURSION = YES;
				CLANG_WARN_INT_CONVERSION = YES;
				CLANG_WARN_NON_LITERAL_NULL_CONVERSION = YES;
				CLANG_WARN_OBJC_IMPLICIT_RETAIN_SELF = YES;
				CLANG_WARN_OBJC_LITERAL_CONVERSION = YES;
				CLANG_WARN_OBJC_ROOT_CLASS = YES_ERROR;
				CLANG_WARN_QUOTED_INCLUDE_IN_FRAMEWORK_HEADER = YES;
				CLANG_WARN_RANGE_LOOP_ANALYSIS = YES;
				CLANG_WARN_STRICT_PROTOTYPES = YES;
				CLANG_WARN_SUSPICIOUS_MOVE = YES;
				CLANG_WARN_UNGUARDED_AVAILABILITY = YES_AGGRESSIVE;
				CLANG_WARN_UNREACHABLE_CODE = YES;
				CLANG_WARN__DUPLICATE_METHOD_MATCH = YES;
				COPY_PHASE_STRIP = NO;
				DEBUG_INFORMATION_FORMAT = dwarf;
				ENABLE_STRICT_OBJC_MSGSEND = YES;
				ENABLE_TESTABILITY = YES;
				GCC_C_LANGUAGE_STANDARD = gnu11;
				GCC_DYNAMIC_NO_PIC = NO;
				GCC_NO_COMMON_BLOCKS = YES;
				GCC_OPTIMIZATION_LEVEL = 0;
				GCC_PREPROCESSOR_DEFINITIONS = (
					"DEBUG=1",
					"$(inherited)",
				);
				GCC_WARN_64_TO_32_BIT_CONVERSION = YES;
				GCC_WARN_ABOUT_RETURN_TYPE = YES_ERROR;
				GCC_WARN_UNDECLARED_SELECTOR = YES;
				GCC_WARN_UNINITIALIZED_AUTOS = YES_AGGRESSIVE;
				GCC_WARN_UNUSED_FUNCTION = YES;
				GCC_WARN_UNUSED_VARIABLE = YES;
				IPHONEOS_DEPLOYMENT_TARGET = 15.5;
				MTL_ENABLE_DEBUG_INFO = INCLUDE_SOURCE;
				MTL_FAST_MATH = YES;
				ONLY_ACTIVE_ARCH = YES;
				SDKROOT = iphoneos;
				SWIFT_ACTIVE_COMPILATION_CONDITIONS = DEBUG;
				SWIFT_OPTIMIZATION_LEVEL = "-Onone";
			};
			name = Debug;
		};
		7A0212D92881CE20005D5A42 /* Release */ = {
			isa = XCBuildConfiguration;
			buildSettings = {
				ALWAYS_SEARCH_USER_PATHS = NO;
				CLANG_ANALYZER_NONNULL = YES;
				CLANG_ANALYZER_NUMBER_OBJECT_CONVERSION = YES_AGGRESSIVE;
				CLANG_CXX_LANGUAGE_STANDARD = "gnu++17";
				CLANG_ENABLE_MODULES = YES;
				CLANG_ENABLE_OBJC_ARC = YES;
				CLANG_ENABLE_OBJC_WEAK = YES;
				CLANG_WARN_BLOCK_CAPTURE_AUTORELEASING = YES;
				CLANG_WARN_BOOL_CONVERSION = YES;
				CLANG_WARN_COMMA = YES;
				CLANG_WARN_CONSTANT_CONVERSION = YES;
				CLANG_WARN_DEPRECATED_OBJC_IMPLEMENTATIONS = YES;
				CLANG_WARN_DIRECT_OBJC_ISA_USAGE = YES_ERROR;
				CLANG_WARN_DOCUMENTATION_COMMENTS = YES;
				CLANG_WARN_EMPTY_BODY = YES;
				CLANG_WARN_ENUM_CONVERSION = YES;
				CLANG_WARN_INFINITE_RECURSION = YES;
				CLANG_WARN_INT_CONVERSION = YES;
				CLANG_WARN_NON_LITERAL_NULL_CONVERSION = YES;
				CLANG_WARN_OBJC_IMPLICIT_RETAIN_SELF = YES;
				CLANG_WARN_OBJC_LITERAL_CONVERSION = YES;
				CLANG_WARN_OBJC_ROOT_CLASS = YES_ERROR;
				CLANG_WARN_QUOTED_INCLUDE_IN_FRAMEWORK_HEADER = YES;
				CLANG_WARN_RANGE_LOOP_ANALYSIS = YES;
				CLANG_WARN_STRICT_PROTOTYPES = YES;
				CLANG_WARN_SUSPICIOUS_MOVE = YES;
				CLANG_WARN_UNGUARDED_AVAILABILITY = YES_AGGRESSIVE;
				CLANG_WARN_UNREACHABLE_CODE = YES;
				CLANG_WARN__DUPLICATE_METHOD_MATCH = YES;
				COPY_PHASE_STRIP = NO;
				DEBUG_INFORMATION_FORMAT = "dwarf-with-dsym";
				ENABLE_NS_ASSERTIONS = NO;
				ENABLE_STRICT_OBJC_MSGSEND = YES;
				GCC_C_LANGUAGE_STANDARD = gnu11;
				GCC_NO_COMMON_BLOCKS = YES;
				GCC_WARN_64_TO_32_BIT_CONVERSION = YES;
				GCC_WARN_ABOUT_RETURN_TYPE = YES_ERROR;
				GCC_WARN_UNDECLARED_SELECTOR = YES;
				GCC_WARN_UNINITIALIZED_AUTOS = YES_AGGRESSIVE;
				GCC_WARN_UNUSED_FUNCTION = YES;
				GCC_WARN_UNUSED_VARIABLE = YES;
				IPHONEOS_DEPLOYMENT_TARGET = 15.5;
				MTL_ENABLE_DEBUG_INFO = NO;
				MTL_FAST_MATH = YES;
				SDKROOT = iphoneos;
				SWIFT_COMPILATION_MODE = wholemodule;
				SWIFT_OPTIMIZATION_LEVEL = "-O";
				VALIDATE_PRODUCT = YES;
			};
			name = Release;
		};
		7A0212DB2881CE20005D5A42 /* Debug */ = {
			isa = XCBuildConfiguration;
			buildSettings = {
				ASSETCATALOG_COMPILER_APPICON_NAME = AppIcon;
				ASSETCATALOG_COMPILER_GLOBAL_ACCENT_COLOR_NAME = AccentColor;
				CODE_SIGN_STYLE = Automatic;
				CURRENT_PROJECT_VERSION = 1;
				DEVELOPMENT_ASSET_PATHS = "\"Code History Quiz/Preview Content\"";
				DEVELOPMENT_TEAM = 2DDP9BK6TP;
				ENABLE_PREVIEWS = YES;
				GENERATE_INFOPLIST_FILE = YES;
				INFOPLIST_KEY_UIApplicationSceneManifest_Generation = YES;
				INFOPLIST_KEY_UIApplicationSupportsIndirectInputEvents = YES;
				INFOPLIST_KEY_UILaunchScreen_Generation = YES;
				INFOPLIST_KEY_UISupportedInterfaceOrientations_iPad = "UIInterfaceOrientationPortrait UIInterfaceOrientationPortraitUpsideDown UIInterfaceOrientationLandscapeLeft UIInterfaceOrientationLandscapeRight";
				INFOPLIST_KEY_UISupportedInterfaceOrientations_iPhone = "UIInterfaceOrientationPortrait UIInterfaceOrientationLandscapeLeft UIInterfaceOrientationLandscapeRight";
				LD_RUNPATH_SEARCH_PATHS = (
					"$(inherited)",
					"@executable_path/Frameworks",
				);
				MARKETING_VERSION = 1.0;
				PRODUCT_BUNDLE_IDENTIFIER = "Robert-Bates.Code-History-Quiz";
				PRODUCT_NAME = "$(TARGET_NAME)";
				SWIFT_EMIT_LOC_STRINGS = YES;
				SWIFT_VERSION = 5.0;
				TARGETED_DEVICE_FAMILY = "1,2";
			};
			name = Debug;
		};
		7A0212DC2881CE20005D5A42 /* Release */ = {
			isa = XCBuildConfiguration;
			buildSettings = {
				ASSETCATALOG_COMPILER_APPICON_NAME = AppIcon;
				ASSETCATALOG_COMPILER_GLOBAL_ACCENT_COLOR_NAME = AccentColor;
				CODE_SIGN_STYLE = Automatic;
				CURRENT_PROJECT_VERSION = 1;
				DEVELOPMENT_ASSET_PATHS = "\"Code History Quiz/Preview Content\"";
				DEVELOPMENT_TEAM = 2DDP9BK6TP;
				ENABLE_PREVIEWS = YES;
				GENERATE_INFOPLIST_FILE = YES;
				INFOPLIST_KEY_UIApplicationSceneManifest_Generation = YES;
				INFOPLIST_KEY_UIApplicationSupportsIndirectInputEvents = YES;
				INFOPLIST_KEY_UILaunchScreen_Generation = YES;
				INFOPLIST_KEY_UISupportedInterfaceOrientations_iPad = "UIInterfaceOrientationPortrait UIInterfaceOrientationPortraitUpsideDown UIInterfaceOrientationLandscapeLeft UIInterfaceOrientationLandscapeRight";
				INFOPLIST_KEY_UISupportedInterfaceOrientations_iPhone = "UIInterfaceOrientationPortrait UIInterfaceOrientationLandscapeLeft UIInterfaceOrientationLandscapeRight";
				LD_RUNPATH_SEARCH_PATHS = (
					"$(inherited)",
					"@executable_path/Frameworks",
				);
				MARKETING_VERSION = 1.0;
				PRODUCT_BUNDLE_IDENTIFIER = "Robert-Bates.Code-History-Quiz";
				PRODUCT_NAME = "$(TARGET_NAME)";
				SWIFT_EMIT_LOC_STRINGS = YES;
				SWIFT_VERSION = 5.0;
				TARGETED_DEVICE_FAMILY = "1,2";
			};
			name = Release;
		};
/* End XCBuildConfiguration section */

/* Begin XCConfigurationList section */
		7A0212C72881CE1E005D5A42 /* Build configuration list for PBXProject "Code History Quiz" */ = {
			isa = XCConfigurationList;
			buildConfigurations = (
				7A0212D82881CE20005D5A42 /* Debug */,
				7A0212D92881CE20005D5A42 /* Release */,
			);
			defaultConfigurationIsVisible = 0;
			defaultConfigurationName = Release;
		};
		7A0212DA2881CE20005D5A42 /* Build configuration list for PBXNativeTarget "Code History Quiz" */ = {
			isa = XCConfigurationList;
			buildConfigurations = (
				7A0212DB2881CE20005D5A42 /* Debug */,
				7A0212DC2881CE20005D5A42 /* Release */,
			);
			defaultConfigurationIsVisible = 0;
			defaultConfigurationName = Release;
		};
/* End XCConfigurationList section */
	};
	rootObject = 7A0212C42881CE1E005D5A42 /* Project object */;
}
